
Microsoft Visual Studio Solution File, Format Version 12.00
# Visual Studio Version 17
VisualStudioVersion = 17.0.32014.148
MinimumVisualStudioVersion = 10.0.40219.1
Project("{8BC9CEB8-8B4A-11D0-8D11-00A0C91BC942}") = "Quartic_equation_and_function", "Quartic_equation_and_function.vcxproj", "{A126CF3E-8D84-46D3-BB76-1331C25F38C3}"
EndProject
Global
	GlobalSection(SolutionConfigurationPlatforms) = preSolution
		Debug|x64 = Debug|x64
		Debug|x86 = Debug|x86
		Release|x64 = Release|x64
		Release|x86 = Release|x86
	EndGlobalSection
	GlobalSection(ProjectConfigurationPlatforms) = postSolution
		{A126CF3E-8D84-46D3-BB76-1331C25F38C3}.Debug|x64.ActiveCfg = Debug|x64
		{A126CF3E-8D84-46D3-BB76-1331C25F38C3}.Debug|x64.Build.0 = Debug|x64
		{A126CF3E-8D84-46D3-BB76-1331C25F38C3}.Debug|x86.ActiveCfg = Debug|Win32
		{A126CF3E-8D84-46D3-BB76-1331C25F38C3}.Debug|x86.Build.0 = Debug|Win32
		{A126CF3E-8D84-46D3-BB76-1331C25F38C3}.Release|x64.ActiveCfg = Release|x64
		{A126CF3E-8D84-46D3-BB76-1331C25F38C3}.Release|x64.Build.0 = Release|x64
		{A126CF3E-8D84-46D3-BB76-1331C25F38C3}.Release|x86.ActiveCfg = Release|Win32
		{A126CF3E-8D84-46D3-BB76-1331C25F38C3}.Release|x86.Build.0 = Release|Win32
	EndGlobalSection
	GlobalSection(SolutionProperties) = preSolution
		HideSolutionNode = FALSE
	EndGlobalSection
	GlobalSection(ExtensibilityGlobals) = postSolution
		SolutionGuid = {144D3538-C223-416E-A79D-2B97DC27DFB4}
	EndGlobalSection
EndGlobal
